
Microsoft Visual Studio Solution File, Format Version 12.00
# Visual Studio 2012
Project("{FAE04EC0-301F-11D3-BF4B-00C04F79EFBC}") = "studentRegistion", "studentRegistion\studentRegistion.csproj", "{14C8E47C-252D-487B-861F-3FBDFBEF8EEF}"
EndProject
Global
	GlobalSection(SolutionConfigurationPlatforms) = preSolution
		Debug|Any CPU = Debug|Any CPU
		Release|Any CPU = Release|Any CPU
	EndGlobalSection
	GlobalSection(ProjectConfigurationPlatforms) = postSolution
		{14C8E47C-252D-487B-861F-3FBDFBEF8EEF}.Debug|Any CPU.ActiveCfg = Debug|Any CPU
		{14C8E47C-252D-487B-861F-3FBDFBEF8EEF}.Debug|Any CPU.Build.0 = Debug|Any CPU
		{14C8E47C-252D-487B-861F-3FBDFBEF8EEF}.Release|Any CPU.ActiveCfg = Release|Any CPU
		{14C8E47C-252D-487B-861F-3FBDFBEF8EEF}.Release|Any CPU.Build.0 = Release|Any CPU
	EndGlobalSection
	GlobalSection(SolutionProperties) = preSolution
		HideSolutionNode = FALSE
	EndGlobalSection
EndGlobal
